// !$*UTF8*$!
{
	archiveVersion = 1;
	classes = {
	};
	objectVersion = 46;
	objects = {

/* Begin PBXBuildFile section */
		1A127FE81AF9D5820057A317 /* SignInViewController.swift in Sources */ = {isa = PBXBuildFile; fileRef = 1A127FE71AF9D5820057A317 /* SignInViewController.swift */; };
		1A127FEA1AF9D6A20057A317 /* Config.swift in Sources */ = {isa = PBXBuildFile; fileRef = 1A127FE91AF9D6A20057A317 /* Config.swift */; };
		1A127FED1AF9E08F0057A317 /* Constants.swift in Sources */ = {isa = PBXBuildFile; fileRef = 1A127FEC1AF9E08F0057A317 /* Constants.swift */; };
		1A127FEF1AF9E7060057A317 /* StarListTableViewController.swift in Sources */ = {isa = PBXBuildFile; fileRef = 1A127FEE1AF9E7060057A317 /* StarListTableViewController.swift */; };
		1A127FF51AF9ED0B0057A317 /* Client.swift in Sources */ = {isa = PBXBuildFile; fileRef = 1A127FF41AF9ED0B0057A317 /* Client.swift */; };
		1A198AC81AF3563C009F9660 /* AppDelegate.swift in Sources */ = {isa = PBXBuildFile; fileRef = 1A198AC71AF3563C009F9660 /* AppDelegate.swift */; };
		1A198ACA1AF3563C009F9660 /* DiscouverViewController.swift in Sources */ = {isa = PBXBuildFile; fileRef = 1A198AC91AF3563C009F9660 /* DiscouverViewController.swift */; };
		1A198ACF1AF3563C009F9660 /* Main.storyboard in Resources */ = {isa = PBXBuildFile; fileRef = 1A198ACD1AF3563C009F9660 /* Main.storyboard */; };
		1A198AD11AF3563C009F9660 /* Images.xcassets in Resources */ = {isa = PBXBuildFile; fileRef = 1A198AD01AF3563C009F9660 /* Images.xcassets */; };
		1A198AD41AF3563C009F9660 /* LaunchScreen.xib in Resources */ = {isa = PBXBuildFile; fileRef = 1A198AD21AF3563C009F9660 /* LaunchScreen.xib */; };
		1A198AE01AF3563C009F9660 /* StargazerTests.swift in Sources */ = {isa = PBXBuildFile; fileRef = 1A198ADF1AF3563C009F9660 /* StargazerTests.swift */; };
		1A2253861AFC828500BC1364 /* StarWebViewController.swift in Sources */ = {isa = PBXBuildFile; fileRef = 1A2253851AFC828500BC1364 /* StarWebViewController.swift */; };
		1A2253881AFC8DC500BC1364 /* StarListTableViewCell.swift in Sources */ = {isa = PBXBuildFile; fileRef = 1A2253871AFC8DC500BC1364 /* StarListTableViewCell.swift */; };
		1A5855A21AF3592F0098D25A /* SettingsTableViewController.swift in Sources */ = {isa = PBXBuildFile; fileRef = 1A5855A11AF3592F0098D25A /* SettingsTableViewController.swift */; };
		1A5855A41AF35A1F0098D25A /* StarsTableViewController.swift in Sources */ = {isa = PBXBuildFile; fileRef = 1A5855A31AF35A1F0098D25A /* StarsTableViewController.swift */; };
		1AF3EF261AF89966008A47EC /* TabBarViewController.swift in Sources */ = {isa = PBXBuildFile; fileRef = 1AF3EF251AF89966008A47EC /* TabBarViewController.swift */; };
		9E14F872CE87E3A0E24CF2A7 /* Pods.framework in Frameworks */ = {isa = PBXBuildFile; fileRef = 155B52EC41644E3FBE7AB2E8 /* Pods.framework */; settings = {ATTRIBUTES = (Weak, ); }; };
/* End PBXBuildFile section */

/* Begin PBXContainerItemProxy section */
		1A198ADA1AF3563C009F9660 /* PBXContainerItemProxy */ = {
			isa = PBXContainerItemProxy;
			containerPortal = 1A198ABA1AF3563C009F9660 /* Project object */;
			proxyType = 1;
			remoteGlobalIDString = 1A198AC11AF3563C009F9660;
			remoteInfo = Stargazer;
		};
/* End PBXContainerItemProxy section */

/* Begin PBXFileReference section */
		155B52EC41644E3FBE7AB2E8 /* Pods.framework */ = {isa = PBXFileReference; explicitFileType = wrapper.framework; includeInIndex = 0; path = Pods.framework; sourceTree = BUILT_PRODUCTS_DIR; };
		1A127FE71AF9D5820057A317 /* SignInViewController.swift */ = {isa = PBXFileReference; fileEncoding = 4; lastKnownFileType = sourcecode.swift; path = SignInViewController.swift; sourceTree = "<group>"; };
		1A127FE91AF9D6A20057A317 /* Config.swift */ = {isa = PBXFileReference; fileEncoding = 4; lastKnownFileType = sourcecode.swift; path = Config.swift; sourceTree = "<group>"; };
		1A127FEB1AF9E04E0057A317 /* Config.sample.swift */ = {isa = PBXFileReference; lastKnownFileType = sourcecode.swift; path = Config.sample.swift; sourceTree = "<group>"; };
		1A127FEC1AF9E08F0057A317 /* Constants.swift */ = {isa = PBXFileReference; fileEncoding = 4; lastKnownFileType = sourcecode.swift; path = Constants.swift; sourceTree = "<group>"; };
		1A127FEE1AF9E7060057A317 /* StarListTableViewController.swift */ = {isa = PBXFileReference; fileEncoding = 4; lastKnownFileType = sourcecode.swift; path = StarListTableViewController.swift; sourceTree = "<group>"; };
		1A127FF41AF9ED0B0057A317 /* Client.swift */ = {isa = PBXFileReference; fileEncoding = 4; lastKnownFileType = sourcecode.swift; path = Client.swift; sourceTree = "<group>"; };
		1A198AC21AF3563C009F9660 /* Stargazer.app */ = {isa = PBXFileReference; explicitFileType = wrapper.application; includeInIndex = 0; path = Stargazer.app; sourceTree = BUILT_PRODUCTS_DIR; };
		1A198AC61AF3563C009F9660 /* Info.plist */ = {isa = PBXFileReference; lastKnownFileType = text.plist.xml; path = Info.plist; sourceTree = "<group>"; };
		1A198AC71AF3563C009F9660 /* AppDelegate.swift */ = {isa = PBXFileReference; lastKnownFileType = sourcecode.swift; path = AppDelegate.swift; sourceTree = "<group>"; };
		1A198AC91AF3563C009F9660 /* DiscouverViewController.swift */ = {isa = PBXFileReference; lastKnownFileType = sourcecode.swift; path = DiscouverViewController.swift; sourceTree = "<group>"; };
		1A198ACE1AF3563C009F9660 /* Base */ = {isa = PBXFileReference; lastKnownFileType = file.storyboard; name = Base; path = Base.lproj/Main.storyboard; sourceTree = "<group>"; };
		1A198AD01AF3563C009F9660 /* Images.xcassets */ = {isa = PBXFileReference; lastKnownFileType = folder.assetcatalog; path = Images.xcassets; sourceTree = "<group>"; };
		1A198AD31AF3563C009F9660 /* Base */ = {isa = PBXFileReference; lastKnownFileType = file.xib; name = Base; path = Base.lproj/LaunchScreen.xib; sourceTree = "<group>"; };
		1A198AD91AF3563C009F9660 /* StargazerTests.xctest */ = {isa = PBXFileReference; explicitFileType = wrapper.cfbundle; includeInIndex = 0; path = StargazerTests.xctest; sourceTree = BUILT_PRODUCTS_DIR; };
		1A198ADE1AF3563C009F9660 /* Info.plist */ = {isa = PBXFileReference; lastKnownFileType = text.plist.xml; path = Info.plist; sourceTree = "<group>"; };
		1A198ADF1AF3563C009F9660 /* StargazerTests.swift */ = {isa = PBXFileReference; lastKnownFileType = sourcecode.swift; path = StargazerTests.swift; sourceTree = "<group>"; };
		1A2253851AFC828500BC1364 /* StarWebViewController.swift */ = {isa = PBXFileReference; fileEncoding = 4; lastKnownFileType = sourcecode.swift; path = StarWebViewController.swift; sourceTree = "<group>"; };
		1A2253871AFC8DC500BC1364 /* StarListTableViewCell.swift */ = {isa = PBXFileReference; fileEncoding = 4; lastKnownFileType = sourcecode.swift; path = StarListTableViewCell.swift; sourceTree = "<group>"; };
		1A5855A11AF3592F0098D25A /* SettingsTableViewController.swift */ = {isa = PBXFileReference; fileEncoding = 4; lastKnownFileType = sourcecode.swift; path = SettingsTableViewController.swift; sourceTree = "<group>"; };
		1A5855A31AF35A1F0098D25A /* StarsTableViewController.swift */ = {isa = PBXFileReference; fileEncoding = 4; lastKnownFileType = sourcecode.swift; path = StarsTableViewController.swift; sourceTree = "<group>"; };
		1AF3EF251AF89966008A47EC /* TabBarViewController.swift */ = {isa = PBXFileReference; fileEncoding = 4; lastKnownFileType = sourcecode.swift; path = TabBarViewController.swift; sourceTree = "<group>"; };
		62D5A2C4E3E10528C53F6164 /* Pods.debug.xcconfig */ = {isa = PBXFileReference; includeInIndex = 1; lastKnownFileType = text.xcconfig; name = Pods.debug.xcconfig; path = "Pods/Target Support Files/Pods/Pods.debug.xcconfig"; sourceTree = "<group>"; };
		63F067DE0B10326ABFC46449 /* Pods.release.xcconfig */ = {isa = PBXFileReference; includeInIndex = 1; lastKnownFileType = text.xcconfig; name = Pods.release.xcconfig; path = "Pods/Target Support Files/Pods/Pods.release.xcconfig"; sourceTree = "<group>"; };
/* End PBXFileReference section */

/* Begin PBXFrameworksBuildPhase section */
		1A198ABF1AF3563C009F9660 /* Frameworks */ = {
			isa = PBXFrameworksBuildPhase;
			buildActionMask = 2147483647;
			files = (
				9E14F872CE87E3A0E24CF2A7 /* Pods.framework in Frameworks */,
			);
			runOnlyForDeploymentPostprocessing = 0;
		};
		1A198AD61AF3563C009F9660 /* Frameworks */ = {
			isa = PBXFrameworksBuildPhase;
			buildActionMask = 2147483647;
			files = (
			);
			runOnlyForDeploymentPostprocessing = 0;
		};
/* End PBXFrameworksBuildPhase section */

/* Begin PBXGroup section */
		1A127FF01AF9E7100057A317 /* Stars */ = {
			isa = PBXGroup;
			children = (
				1A5855A31AF35A1F0098D25A /* StarsTableViewController.swift */,
				1A127FEE1AF9E7060057A317 /* StarListTableViewController.swift */,
				1A2253871AFC8DC500BC1364 /* StarListTableViewCell.swift */,
				1A2253851AFC828500BC1364 /* StarWebViewController.swift */,
			);
			name = Stars;
			sourceTree = "<group>";
		};
		1A127FF11AF9E71D0057A317 /* Discouver */ = {
			isa = PBXGroup;
			children = (
				1A198AC91AF3563C009F9660 /* DiscouverViewController.swift */,
			);
			name = Discouver;
			sourceTree = "<group>";
		};
		1A127FF21AF9E7280057A317 /* Settings */ = {
			isa = PBXGroup;
			children = (
				1A5855A11AF3592F0098D25A /* SettingsTableViewController.swift */,
			);
			name = Settings;
			sourceTree = "<group>";
		};
		1A127FF31AF9ECC10057A317 /* Networking */ = {
			isa = PBXGroup;
			children = (
				1A127FF41AF9ED0B0057A317 /* Client.swift */,
			);
			name = Networking;
			sourceTree = "<group>";
		};
		1A198AB91AF3563C009F9660 = {
			isa = PBXGroup;
			children = (
				1A198AC41AF3563C009F9660 /* Stargazer */,
				1A198ADC1AF3563C009F9660 /* StargazerTests */,
				1A198AC31AF3563C009F9660 /* Products */,
				AA05FA7E7639215A8AB6EBC2 /* Pods */,
				632DA3B0959FC7DA618A3E56 /* Frameworks */,
			);
			sourceTree = "<group>";
		};
		1A198AC31AF3563C009F9660 /* Products */ = {
			isa = PBXGroup;
			children = (
				1A198AC21AF3563C009F9660 /* Stargazer.app */,
				1A198AD91AF3563C009F9660 /* StargazerTests.xctest */,
			);
			name = Products;
			sourceTree = "<group>";
		};
		1A198AC41AF3563C009F9660 /* Stargazer */ = {
			isa = PBXGroup;
			children = (
				1A198AC71AF3563C009F9660 /* AppDelegate.swift */,
				1A127FEC1AF9E08F0057A317 /* Constants.swift */,
				1A127FE91AF9D6A20057A317 /* Config.swift */,
				1A127FEB1AF9E04E0057A317 /* Config.sample.swift */,
				1AF3EF251AF89966008A47EC /* TabBarViewController.swift */,
				1A127FE71AF9D5820057A317 /* SignInViewController.swift */,
				1A127FF31AF9ECC10057A317 /* Networking */,
				1A127FF11AF9E71D0057A317 /* Discouver */,
				1A127FF01AF9E7100057A317 /* Stars */,
				1A127FF21AF9E7280057A317 /* Settings */,
				1A198ACD1AF3563C009F9660 /* Main.storyboard */,
				1A198AD01AF3563C009F9660 /* Images.xcassets */,
				1A198AD21AF3563C009F9660 /* LaunchScreen.xib */,
				1A198AC51AF3563C009F9660 /* Supporting Files */,
			);
			path = Stargazer;
			sourceTree = "<group>";
		};
		1A198AC51AF3563C009F9660 /* Supporting Files */ = {
			isa = PBXGroup;
			children = (
				1A198AC61AF3563C009F9660 /* Info.plist */,
			);
			name = "Supporting Files";
			sourceTree = "<group>";
		};
		1A198ADC1AF3563C009F9660 /* StargazerTests */ = {
			isa = PBXGroup;
			children = (
				1A198ADF1AF3563C009F9660 /* StargazerTests.swift */,
				1A198ADD1AF3563C009F9660 /* Supporting Files */,
			);
			path = StargazerTests;
			sourceTree = "<group>";
		};
		1A198ADD1AF3563C009F9660 /* Supporting Files */ = {
			isa = PBXGroup;
			children = (
				1A198ADE1AF3563C009F9660 /* Info.plist */,
			);
			name = "Supporting Files";
			sourceTree = "<group>";
		};
		632DA3B0959FC7DA618A3E56 /* Frameworks */ = {
			isa = PBXGroup;
			children = (
				155B52EC41644E3FBE7AB2E8 /* Pods.framework */,
			);
			name = Frameworks;
			sourceTree = "<group>";
		};
		AA05FA7E7639215A8AB6EBC2 /* Pods */ = {
			isa = PBXGroup;
			children = (
				62D5A2C4E3E10528C53F6164 /* Pods.debug.xcconfig */,
				63F067DE0B10326ABFC46449 /* Pods.release.xcconfig */,
			);
			name = Pods;
			sourceTree = "<group>";
		};
/* End PBXGroup section */

/* Begin PBXNativeTarget section */
		1A198AC11AF3563C009F9660 /* Stargazer */ = {
			isa = PBXNativeTarget;
			buildConfigurationList = 1A198AE31AF3563C009F9660 /* Build configuration list for PBXNativeTarget "Stargazer" */;
			buildPhases = (
				79EA37380373CE6B4AE2862B /* Check Pods Manifest.lock */,
				1A198ABE1AF3563C009F9660 /* Sources */,
				1A198ABF1AF3563C009F9660 /* Frameworks */,
				1A198AC01AF3563C009F9660 /* Resources */,
				E31F308B87D8BD95ED05CD3B /* Embed Pods Frameworks */,
				613E6F4A04E4E4BF3C9D1D44 /* Copy Pods Resources */,
			);
			buildRules = (
			);
			dependencies = (
			);
			name = Stargazer;
			productName = Stargazer;
			productReference = 1A198AC21AF3563C009F9660 /* Stargazer.app */;
			productType = "com.apple.product-type.application";
		};
		1A198AD81AF3563C009F9660 /* StargazerTests */ = {
			isa = PBXNativeTarget;
			buildConfigurationList = 1A198AE61AF3563C009F9660 /* Build configuration list for PBXNativeTarget "StargazerTests" */;
			buildPhases = (
				1A198AD51AF3563C009F9660 /* Sources */,
				1A198AD61AF3563C009F9660 /* Frameworks */,
				1A198AD71AF3563C009F9660 /* Resources */,
			);
			buildRules = (
			);
			dependencies = (
				1A198ADB1AF3563C009F9660 /* PBXTargetDependency */,
			);
			name = StargazerTests;
			productName = StargazerTests;
			productReference = 1A198AD91AF3563C009F9660 /* StargazerTests.xctest */;
			productType = "com.apple.product-type.bundle.unit-test";
		};
/* End PBXNativeTarget section */

/* Begin PBXProject section */
		1A198ABA1AF3563C009F9660 /* Project object */ = {
			isa = PBXProject;
			attributes = {
				LastUpgradeCheck = 0630;
				ORGANIZATIONNAME = Ela;
				TargetAttributes = {
					1A198AC11AF3563C009F9660 = {
						CreatedOnToolsVersion = 6.3.1;
						DevelopmentTeam = 7676B49VAW;
					};
					1A198AD81AF3563C009F9660 = {
						CreatedOnToolsVersion = 6.3.1;
						TestTargetID = 1A198AC11AF3563C009F9660;
					};
				};
			};
			buildConfigurationList = 1A198ABD1AF3563C009F9660 /* Build configuration list for PBXProject "Stargazer" */;
			compatibilityVersion = "Xcode 3.2";
			developmentRegion = English;
			hasScannedForEncodings = 0;
			knownRegions = (
				en,
				Base,
			);
			mainGroup = 1A198AB91AF3563C009F9660;
			productRefGroup = 1A198AC31AF3563C009F9660 /* Products */;
			projectDirPath = "";
			projectRoot = "";
			targets = (
				1A198AC11AF3563C009F9660 /* Stargazer */,
				1A198AD81AF3563C009F9660 /* StargazerTests */,
			);
		};
/* End PBXProject section */

/* Begin PBXResourcesBuildPhase section */
		1A198AC01AF3563C009F9660 /* Resources */ = {
			isa = PBXResourcesBuildPhase;
			buildActionMask = 2147483647;
			files = (
				1A198ACF1AF3563C009F9660 /* Main.storyboard in Resources */,
				1A198AD41AF3563C009F9660 /* LaunchScreen.xib in Resources */,
				1A198AD11AF3563C009F9660 /* Images.xcassets in Resources */,
			);
			runOnlyForDeploymentPostprocessing = 0;
		};
		1A198AD71AF3563C009F9660 /* Resources */ = {
			isa = PBXResourcesBuildPhase;
			buildActionMask = 2147483647;
			files = (
			);
			runOnlyForDeploymentPostprocessing = 0;
		};
/* End PBXResourcesBuildPhase section */

/* Begin PBXShellScriptBuildPhase section */
		613E6F4A04E4E4BF3C9D1D44 /* Copy Pods Resources */ = {
			isa = PBXShellScriptBuildPhase;
			buildActionMask = 2147483647;
			files = (
			);
			inputPaths = (
			);
			name = "Copy Pods Resources";
			outputPaths = (
			);
			runOnlyForDeploymentPostprocessing = 0;
			shellPath = /bin/sh;
			shellScript = "\"${SRCROOT}/Pods/Target Support Files/Pods/Pods-resources.sh\"\n";
			showEnvVarsInLog = 0;
		};
		79EA37380373CE6B4AE2862B /* Check Pods Manifest.lock */ = {
			isa = PBXShellScriptBuildPhase;
			buildActionMask = 2147483647;
			files = (
			);
			inputPaths = (
			);
			name = "Check Pods Manifest.lock";
			outputPaths = (
			);
			runOnlyForDeploymentPostprocessing = 0;
			shellPath = /bin/sh;
			shellScript = "diff \"${PODS_ROOT}/../Podfile.lock\" \"${PODS_ROOT}/Manifest.lock\" > /dev/null\nif [[ $? != 0 ]] ; then\n    cat << EOM\nerror: The sandbox is not in sync with the Podfile.lock. Run 'pod install' or update your CocoaPods installation.\nEOM\n    exit 1\nfi\n";
			showEnvVarsInLog = 0;
		};
		E31F308B87D8BD95ED05CD3B /* Embed Pods Frameworks */ = {
			isa = PBXShellScriptBuildPhase;
			buildActionMask = 2147483647;
			files = (
			);
			inputPaths = (
			);
			name = "Embed Pods Frameworks";
			outputPaths = (
			);
			runOnlyForDeploymentPostprocessing = 0;
			shellPath = /bin/sh;
			shellScript = "\"${SRCROOT}/Pods/Target Support Files/Pods/Pods-frameworks.sh\"\n";
			showEnvVarsInLog = 0;
		};
/* End PBXShellScriptBuildPhase section */

/* Begin PBXSourcesBuildPhase section */
		1A198ABE1AF3563C009F9660 /* Sources */ = {
			isa = PBXSourcesBuildPhase;
			buildActionMask = 2147483647;
			files = (
				1A198AC81AF3563C009F9660 /* AppDelegate.swift in Sources */,
				1A5855A41AF35A1F0098D25A /* StarsTableViewController.swift in Sources */,
				1A127FE81AF9D5820057A317 /* SignInViewController.swift in Sources */,
				1A127FEA1AF9D6A20057A317 /* Config.swift in Sources */,
				1A198ACA1AF3563C009F9660 /* DiscouverViewController.swift in Sources */,
				1AF3EF261AF89966008A47EC /* TabBarViewController.swift in Sources */,
				1A5855A21AF3592F0098D25A /* SettingsTableViewController.swift in Sources */,
				1A2253881AFC8DC500BC1364 /* StarListTableViewCell.swift in Sources */,
				1A2253861AFC828500BC1364 /* StarWebViewController.swift in Sources */,
				1A127FEF1AF9E7060057A317 /* StarListTableViewController.swift in Sources */,
				1A127FF51AF9ED0B0057A317 /* Client.swift in Sources */,
				1A127FED1AF9E08F0057A317 /* Constants.swift in Sources */,
			);
			runOnlyForDeploymentPostprocessing = 0;
		};
		1A198AD51AF3563C009F9660 /* Sources */ = {
			isa = PBXSourcesBuildPhase;
			buildActionMask = 2147483647;
			files = (
				1A198AE01AF3563C009F9660 /* StargazerTests.swift in Sources */,
			);
			runOnlyForDeploymentPostprocessing = 0;
		};
/* End PBXSourcesBuildPhase section */

/* Begin PBXTargetDependency section */
		1A198ADB1AF3563C009F9660 /* PBXTargetDependency */ = {
			isa = PBXTargetDependency;
			target = 1A198AC11AF3563C009F9660 /* Stargazer */;
			targetProxy = 1A198ADA1AF3563C009F9660 /* PBXContainerItemProxy */;
		};
/* End PBXTargetDependency section */

/* Begin PBXVariantGroup section */
		1A198ACD1AF3563C009F9660 /* Main.storyboard */ = {
			isa = PBXVariantGroup;
			children = (
				1A198ACE1AF3563C009F9660 /* Base */,
			);
			name = Main.storyboard;
			sourceTree = "<group>";
		};
		1A198AD21AF3563C009F9660 /* LaunchScreen.xib */ = {
			isa = PBXVariantGroup;
			children = (
				1A198AD31AF3563C009F9660 /* Base */,
			);
			name = LaunchScreen.xib;
			sourceTree = "<group>";
		};
/* End PBXVariantGroup section */

/* Begin XCBuildConfiguration section */
		1A198AE11AF3563C009F9660 /* Debug */ = {
			isa = XCBuildConfiguration;
			buildSettings = {
				ALWAYS_SEARCH_USER_PATHS = NO;
				CLANG_CXX_LANGUAGE_STANDARD = "gnu++0x";
				CLANG_CXX_LIBRARY = "libc++";
				CLANG_ENABLE_MODULES = YES;
				CLANG_ENABLE_OBJC_ARC = YES;
				CLANG_WARN_BOOL_CONVERSION = YES;
				CLANG_WARN_CONSTANT_CONVERSION = YES;
				CLANG_WARN_DIRECT_OBJC_ISA_USAGE = YES_ERROR;
				CLANG_WARN_EMPTY_BODY = YES;
				CLANG_WARN_ENUM_CONVERSION = YES;
				CLANG_WARN_INT_CONVERSION = YES;
				CLANG_WARN_OBJC_ROOT_CLASS = YES_ERROR;
				CLANG_WARN_UNREACHABLE_CODE = YES;
				CLANG_WARN__DUPLICATE_METHOD_MATCH = YES;
				"CODE_SIGN_IDENTITY[sdk=iphoneos*]" = "iPhone Developer";
				COPY_PHASE_STRIP = NO;
				DEBUG_INFORMATION_FORMAT = "dwarf-with-dsym";
				ENABLE_STRICT_OBJC_MSGSEND = YES;
				GCC_C_LANGUAGE_STANDARD = gnu99;
				GCC_DYNAMIC_NO_PIC = NO;
				GCC_NO_COMMON_BLOCKS = YES;
				GCC_OPTIMIZATION_LEVEL = 0;
				GCC_PREPROCESSOR_DEFINITIONS = (
					"DEBUG=1",
					"$(inherited)",
				);
				GCC_SYMBOLS_PRIVATE_EXTERN = NO;
				GCC_WARN_64_TO_32_BIT_CONVERSION = YES;
				GCC_WARN_ABOUT_RETURN_TYPE = YES_ERROR;
				GCC_WARN_UNDECLARED_SELECTOR = YES;
				GCC_WARN_UNINITIALIZED_AUTOS = YES_AGGRESSIVE;
				GCC_WARN_UNUSED_FUNCTION = YES;
				GCC_WARN_UNUSED_VARIABLE = YES;
				IPHONEOS_DEPLOYMENT_TARGET = 8.3;
				MTL_ENABLE_DEBUG_INFO = YES;
				ONLY_ACTIVE_ARCH = YES;
				SDKROOT = iphoneos;
				SWIFT_OPTIMIZATION_LEVEL = "-Onone";
				TARGETED_DEVICE_FAMILY = "1,2";
			};
			name = Debug;
		};
		1A198AE21AF3563C009F9660 /* Release */ = {
			isa = XCBuildConfiguration;
			buildSettings = {
				ALWAYS_SEARCH_USER_PATHS = NO;
				CLANG_CXX_LANGUAGE_STANDARD = "gnu++0x";
				CLANG_CXX_LIBRARY = "libc++";
				CLANG_ENABLE_MODULES = YES;
				CLANG_ENABLE_OBJC_ARC = YES;
				CLANG_WARN_BOOL_CONVERSION = YES;
				CLANG_WARN_CONSTANT_CONVERSION = YES;
				CLANG_WARN_DIRECT_OBJC_ISA_USAGE = YES_ERROR;
				CLANG_WARN_EMPTY_BODY = YES;
				CLANG_WARN_ENUM_CONVERSION = YES;
				CLANG_WARN_INT_CONVERSION = YES;
				CLANG_WARN_OBJC_ROOT_CLASS = YES_ERROR;
				CLANG_WARN_UNREACHABLE_CODE = YES;
				CLANG_WARN__DUPLICATE_METHOD_MATCH = YES;
				"CODE_SIGN_IDENTITY[sdk=iphoneos*]" = "iPhone Developer";
				COPY_PHASE_STRIP = NO;
				DEBUG_INFORMATION_FORMAT = "dwarf-with-dsym";
				ENABLE_NS_ASSERTIONS = NO;
				ENABLE_STRICT_OBJC_MSGSEND = YES;
				GCC_C_LANGUAGE_STANDARD = gnu99;
				GCC_NO_COMMON_BLOCKS = YES;
				GCC_WARN_64_TO_32_BIT_CONVERSION = YES;
				GCC_WARN_ABOUT_RETURN_TYPE = YES_ERROR;
				GCC_WARN_UNDECLARED_SELECTOR = YES;
				GCC_WARN_UNINITIALIZED_AUTOS = YES_AGGRESSIVE;
				GCC_WARN_UNUSED_FUNCTION = YES;
				GCC_WARN_UNUSED_VARIABLE = YES;
				IPHONEOS_DEPLOYMENT_TARGET = 8.3;
				MTL_ENABLE_DEBUG_INFO = NO;
				SDKROOT = iphoneos;
				TARGETED_DEVICE_FAMILY = "1,2";
				VALIDATE_PRODUCT = YES;
			};
			name = Release;
		};
		1A198AE41AF3563C009F9660 /* Debug */ = {
			isa = XCBuildConfiguration;
			baseConfigurationReference = 62D5A2C4E3E10528C53F6164 /* Pods.debug.xcconfig */;
			buildSettings = {
				ASSETCATALOG_COMPILER_APPICON_NAME = AppIcon;
				CODE_SIGN_IDENTITY = "iPhone Developer";
				"CODE_SIGN_IDENTITY[sdk=iphoneos*]" = "iPhone Developer";
				INFOPLIST_FILE = Stargazer/Info.plist;
				LD_RUNPATH_SEARCH_PATHS = "$(inherited) @executable_path/Frameworks";
				PRODUCT_NAME = "$(TARGET_NAME)";
				PROVISIONING_PROFILE = "";
			};
			name = Debug;
		};
		1A198AE51AF3563C009F9660 /* Release */ = {
			isa = XCBuildConfiguration;
			baseConfigurationReference = 63F067DE0B10326ABFC46449 /* Pods.release.xcconfig */;
			buildSettings = {
				ASSETCATALOG_COMPILER_APPICON_NAME = AppIcon;
				CODE_SIGN_IDENTITY = "iPhone Developer";
				"CODE_SIGN_IDENTITY[sdk=iphoneos*]" = "iPhone Developer";
				INFOPLIST_FILE = Stargazer/Info.plist;
				LD_RUNPATH_SEARCH_PATHS = "$(inherited) @executable_path/Frameworks";
				PRODUCT_NAME = "$(TARGET_NAME)";
				PROVISIONING_PROFILE = "";
			};
			name = Release;
		};
		1A198AE71AF3563C009F9660 /* Debug */ = {
			isa = XCBuildConfiguration;
			buildSettings = {
				BUNDLE_LOADER = "$(TEST_HOST)";
				FRAMEWORK_SEARCH_PATHS = (
					"$(SDKROOT)/Developer/Library/Frameworks",
					"$(inherited)",
				);
				GCC_PREPROCESSOR_DEFINITIONS = (
					"DEBUG=1",
					"$(inherited)",
				);
				INFOPLIST_FILE = StargazerTests/Info.plist;
				LD_RUNPATH_SEARCH_PATHS = "$(inherited) @executable_path/Frameworks @loader_path/Frameworks";
				PRODUCT_NAME = "$(TARGET_NAME)";
				TEST_HOST = "$(BUILT_PRODUCTS_DIR)/Stargazer.app/Stargazer";
			};
			name = Debug;
		};
		1A198AE81AF3563C009F9660 /* Release */ = {
			isa = XCBuildConfiguration;
			buildSettings = {
				BUNDLE_LOADER = "$(TEST_HOST)";
				FRAMEWORK_SEARCH_PATHS = (
					"$(SDKROOT)/Developer/Library/Frameworks",
					"$(inherited)",
				);
				INFOPLIST_FILE = StargazerTests/Info.plist;
				LD_RUNPATH_SEARCH_PATHS = "$(inherited) @executable_path/Frameworks @loader_path/Frameworks";
				PRODUCT_NAME = "$(TARGET_NAME)";
				TEST_HOST = "$(BUILT_PRODUCTS_DIR)/Stargazer.app/Stargazer";
			};
			name = Release;
		};
/* End XCBuildConfiguration section */

/* Begin XCConfigurationList section */
		1A198ABD1AF3563C009F9660 /* Build configuration list for PBXProject "Stargazer" */ = {
			isa = XCConfigurationList;
			buildConfigurations = (
				1A198AE11AF3563C009F9660 /* Debug */,
				1A198AE21AF3563C009F9660 /* Release */,
			);
			defaultConfigurationIsVisible = 0;
			defaultConfigurationName = Release;
		};
		1A198AE31AF3563C009F9660 /* Build configuration list for PBXNativeTarget "Stargazer" */ = {
			isa = XCConfigurationList;
			buildConfigurations = (
				1A198AE41AF3563C009F9660 /* Debug */,
				1A198AE51AF3563C009F9660 /* Release */,
			);
			defaultConfigurationIsVisible = 0;
			defaultConfigurationName = Release;
		};
		1A198AE61AF3563C009F9660 /* Build configuration list for PBXNativeTarget "StargazerTests" */ = {
			isa = XCConfigurationList;
			buildConfigurations = (
				1A198AE71AF3563C009F9660 /* Debug */,
				1A198AE81AF3563C009F9660 /* Release */,
			);
			defaultConfigurationIsVisible = 0;
			defaultConfigurationName = Release;
		};
/* End XCConfigurationList section */
	};
	rootObject = 1A198ABA1AF3563C009F9660 /* Project object */;
}
