// !$*UTF8*$!
{
	archiveVersion = 1;
	classes = {
	};
	objectVersion = 46;
	objects = {

/* Begin PBXBuildFile section */
		1A198AC81AF3563C009F9660 /* AppDelegate.swift in Sources */ = {isa = PBXBuildFile; fileRef = 1A198AC71AF3563C009F9660 /* AppDelegate.swift */; };
		1A198ACA1AF3563C009F9660 /* DiscouverViewController.swift in Sources */ = {isa = PBXBuildFile; fileRef = 1A198AC91AF3563C009F9660 /* DiscouverViewController.swift */; };
		1A198ACC1AF3563C009F9660 /* StarsViewController.swift in Sources */ = {isa = PBXBuildFile; fileRef = 1A198ACB1AF3563C009F9660 /* StarsViewController.swift */; };
		1A198ACF1AF3563C009F9660 /* Main.storyboard in Resources */ = {isa = PBXBuildFile; fileRef = 1A198ACD1AF3563C009F9660 /* Main.storyboard */; };
		1A198AD11AF3563C009F9660 /* Images.xcassets in Resources */ = {isa = PBXBuildFile; fileRef = 1A198AD01AF3563C009F9660 /* Images.xcassets */; };
		1A198AD41AF3563C009F9660 /* LaunchScreen.xib in Resources */ = {isa = PBXBuildFile; fileRef = 1A198AD21AF3563C009F9660 /* LaunchScreen.xib */; };
		1A198AE01AF3563C009F9660 /* StargazerTests.swift in Sources */ = {isa = PBXBuildFile; fileRef = 1A198ADF1AF3563C009F9660 /* StargazerTests.swift */; };
		1A5855A21AF3592F0098D25A /* SettingsViewController.swift in Sources */ = {isa = PBXBuildFile; fileRef = 1A5855A11AF3592F0098D25A /* SettingsViewController.swift */; };
/* End PBXBuildFile section */

/* Begin PBXContainerItemProxy section */
		1A198ADA1AF3563C009F9660 /* PBXContainerItemProxy */ = {
			isa = PBXContainerItemProxy;
			containerPortal = 1A198ABA1AF3563C009F9660 /* Project object */;
			proxyType = 1;
			remoteGlobalIDString = 1A198AC11AF3563C009F9660;
			remoteInfo = Stargazer;
		};
/* End PBXContainerItemProxy section */

/* Begin PBXFileReference section */
		1A198AC21AF3563C009F9660 /* Stargazer.app */ = {isa = PBXFileReference; explicitFileType = wrapper.application; includeInIndex = 0; path = Stargazer.app; sourceTree = BUILT_PRODUCTS_DIR; };
		1A198AC61AF3563C009F9660 /* Info.plist */ = {isa = PBXFileReference; lastKnownFileType = text.plist.xml; path = Info.plist; sourceTree = "<group>"; };
		1A198AC71AF3563C009F9660 /* AppDelegate.swift */ = {isa = PBXFileReference; lastKnownFileType = sourcecode.swift; path = AppDelegate.swift; sourceTree = "<group>"; };
		1A198AC91AF3563C009F9660 /* DiscouverViewController.swift */ = {isa = PBXFileReference; lastKnownFileType = sourcecode.swift; path = DiscouverViewController.swift; sourceTree = "<group>"; };
		1A198ACB1AF3563C009F9660 /* StarsViewController.swift */ = {isa = PBXFileReference; lastKnownFileType = sourcecode.swift; path = StarsViewController.swift; sourceTree = "<group>"; };
		1A198ACE1AF3563C009F9660 /* Base */ = {isa = PBXFileReference; lastKnownFileType = file.storyboard; name = Base; path = Base.lproj/Main.storyboard; sourceTree = "<group>"; };
		1A198AD01AF3563C009F9660 /* Images.xcassets */ = {isa = PBXFileReference; lastKnownFileType = folder.assetcatalog; path = Images.xcassets; sourceTree = "<group>"; };
		1A198AD31AF3563C009F9660 /* Base */ = {isa = PBXFileReference; lastKnownFileType = file.xib; name = Base; path = Base.lproj/LaunchScreen.xib; sourceTree = "<group>"; };
		1A198AD91AF3563C009F9660 /* StargazerTests.xctest */ = {isa = PBXFileReference; explicitFileType = wrapper.cfbundle; includeInIndex = 0; path = StargazerTests.xctest; sourceTree = BUILT_PRODUCTS_DIR; };
		1A198ADE1AF3563C009F9660 /* Info.plist */ = {isa = PBXFileReference; lastKnownFileType = text.plist.xml; path = Info.plist; sourceTree = "<group>"; };
		1A198ADF1AF3563C009F9660 /* StargazerTests.swift */ = {isa = PBXFileReference; lastKnownFileType = sourcecode.swift; path = StargazerTests.swift; sourceTree = "<group>"; };
		1A5855A11AF3592F0098D25A /* SettingsViewController.swift */ = {isa = PBXFileReference; fileEncoding = 4; lastKnownFileType = sourcecode.swift; path = SettingsViewController.swift; sourceTree = "<group>"; };
/* End PBXFileReference section */

/* Begin PBXFrameworksBuildPhase section */
		1A198ABF1AF3563C009F9660 /* Frameworks */ = {
			isa = PBXFrameworksBuildPhase;
			buildActionMask = 2147483647;
			files = (
			);
			runOnlyForDeploymentPostprocessing = 0;
		};
		1A198AD61AF3563C009F9660 /* Frameworks */ = {
			isa = PBXFrameworksBuildPhase;
			buildActionMask = 2147483647;
			files = (
			);
			runOnlyForDeploymentPostprocessing = 0;
		};
/* End PBXFrameworksBuildPhase section */

/* Begin PBXGroup section */
		1A198AB91AF3563C009F9660 = {
			isa = PBXGroup;
			children = (
				1A198AC41AF3563C009F9660 /* Stargazer */,
				1A198ADC1AF3563C009F9660 /* StargazerTests */,
				1A198AC31AF3563C009F9660 /* Products */,
			);
			sourceTree = "<group>";
		};
		1A198AC31AF3563C009F9660 /* Products */ = {
			isa = PBXGroup;
			children = (
				1A198AC21AF3563C009F9660 /* Stargazer.app */,
				1A198AD91AF3563C009F9660 /* StargazerTests.xctest */,
			);
			name = Products;
			sourceTree = "<group>";
		};
		1A198AC41AF3563C009F9660 /* Stargazer */ = {
			isa = PBXGroup;
			children = (
				1A198AC71AF3563C009F9660 /* AppDelegate.swift */,
				1A198AC91AF3563C009F9660 /* DiscouverViewController.swift */,
				1A198ACB1AF3563C009F9660 /* StarsViewController.swift */,
				1A5855A11AF3592F0098D25A /* SettingsViewController.swift */,
				1A198ACD1AF3563C009F9660 /* Main.storyboard */,
				1A198AD01AF3563C009F9660 /* Images.xcassets */,
				1A198AD21AF3563C009F9660 /* LaunchScreen.xib */,
				1A198AC51AF3563C009F9660 /* Supporting Files */,
			);
			path = Stargazer;
			sourceTree = "<group>";
		};
		1A198AC51AF3563C009F9660 /* Supporting Files */ = {
			isa = PBXGroup;
			children = (
				1A198AC61AF3563C009F9660 /* Info.plist */,
			);
			name = "Supporting Files";
			sourceTree = "<group>";
		};
		1A198ADC1AF3563C009F9660 /* StargazerTests */ = {
			isa = PBXGroup;
			children = (
				1A198ADF1AF3563C009F9660 /* StargazerTests.swift */,
				1A198ADD1AF3563C009F9660 /* Supporting Files */,
			);
			path = StargazerTests;
			sourceTree = "<group>";
		};
		1A198ADD1AF3563C009F9660 /* Supporting Files */ = {
			isa = PBXGroup;
			children = (
				1A198ADE1AF3563C009F9660 /* Info.plist */,
			);
			name = "Supporting Files";
			sourceTree = "<group>";
		};
/* End PBXGroup section */

/* Begin PBXNativeTarget section */
		1A198AC11AF3563C009F9660 /* Stargazer */ = {
			isa = PBXNativeTarget;
			buildConfigurationList = 1A198AE31AF3563C009F9660 /* Build configuration list for PBXNativeTarget "Stargazer" */;
			buildPhases = (
				1A198ABE1AF3563C009F9660 /* Sources */,
				1A198ABF1AF3563C009F9660 /* Frameworks */,
				1A198AC01AF3563C009F9660 /* Resources */,
			);
			buildRules = (
			);
			dependencies = (
			);
			name = Stargazer;
			productName = Stargazer;
			productReference = 1A198AC21AF3563C009F9660 /* Stargazer.app */;
			productType = "com.apple.product-type.application";
		};
		1A198AD81AF3563C009F9660 /* StargazerTests */ = {
			isa = PBXNativeTarget;
			buildConfigurationList = 1A198AE61AF3563C009F9660 /* Build configuration list for PBXNativeTarget "StargazerTests" */;
			buildPhases = (
				1A198AD51AF3563C009F9660 /* Sources */,
				1A198AD61AF3563C009F9660 /* Frameworks */,
				1A198AD71AF3563C009F9660 /* Resources */,
			);
			buildRules = (
			);
			dependencies = (
				1A198ADB1AF3563C009F9660 /* PBXTargetDependency */,
			);
			name = StargazerTests;
			productName = StargazerTests;
			productReference = 1A198AD91AF3563C009F9660 /* StargazerTests.xctest */;
			productType = "com.apple.product-type.bundle.unit-test";
		};
/* End PBXNativeTarget section */

/* Begin PBXProject section */
		1A198ABA1AF3563C009F9660 /* Project object */ = {
			isa = PBXProject;
			attributes = {
				LastUpgradeCheck = 0630;
				ORGANIZATIONNAME = Ela;
				TargetAttributes = {
					1A198AC11AF3563C009F9660 = {
						CreatedOnToolsVersion = 6.3.1;
					};
					1A198AD81AF3563C009F9660 = {
						CreatedOnToolsVersion = 6.3.1;
						TestTargetID = 1A198AC11AF3563C009F9660;
					};
				};
			};
			buildConfigurationList = 1A198ABD1AF3563C009F9660 /* Build configuration list for PBXProject "Stargazer" */;
			compatibilityVersion = "Xcode 3.2";
			developmentRegion = English;
			hasScannedForEncodings = 0;
			knownRegions = (
				en,
				Base,
			);
			mainGroup = 1A198AB91AF3563C009F9660;
			productRefGroup = 1A198AC31AF3563C009F9660 /* Products */;
			projectDirPath = "";
			projectRoot = "";
			targets = (
				1A198AC11AF3563C009F9660 /* Stargazer */,
				1A198AD81AF3563C009F9660 /* StargazerTests */,
			);
		};
/* End PBXProject section */

/* Begin PBXResourcesBuildPhase section */
		1A198AC01AF3563C009F9660 /* Resources */ = {
			isa = PBXResourcesBuildPhase;
			buildActionMask = 2147483647;
			files = (
				1A198ACF1AF3563C009F9660 /* Main.storyboard in Resources */,
				1A198AD41AF3563C009F9660 /* LaunchScreen.xib in Resources */,
				1A198AD11AF3563C009F9660 /* Images.xcassets in Resources */,
			);
			runOnlyForDeploymentPostprocessing = 0;
		};
		1A198AD71AF3563C009F9660 /* Resources */ = {
			isa = PBXResourcesBuildPhase;
			buildActionMask = 2147483647;
			files = (
			);
			runOnlyForDeploymentPostprocessing = 0;
		};
/* End PBXResourcesBuildPhase section */

/* Begin PBXSourcesBuildPhase section */
		1A198ABE1AF3563C009F9660 /* Sources */ = {
			isa = PBXSourcesBuildPhase;
			buildActionMask = 2147483647;
			files = (
				1A198ACC1AF3563C009F9660 /* StarsViewController.swift in Sources */,
				1A198AC81AF3563C009F9660 /* AppDelegate.swift in Sources */,
				1A198ACA1AF3563C009F9660 /* DiscouverViewController.swift in Sources */,
				1A5855A21AF3592F0098D25A /* SettingsViewController.swift in Sources */,
			);
			runOnlyForDeploymentPostprocessing = 0;
		};
		1A198AD51AF3563C009F9660 /* Sources */ = {
			isa = PBXSourcesBuildPhase;
			buildActionMask = 2147483647;
			files = (
				1A198AE01AF3563C009F9660 /* StargazerTests.swift in Sources */,
			);
			runOnlyForDeploymentPostprocessing = 0;
		};
/* End PBXSourcesBuildPhase section */

/* Begin PBXTargetDependency section */
		1A198ADB1AF3563C009F9660 /* PBXTargetDependency */ = {
			isa = PBXTargetDependency;
			target = 1A198AC11AF3563C009F9660 /* Stargazer */;
			targetProxy = 1A198ADA1AF3563C009F9660 /* PBXContainerItemProxy */;
		};
/* End PBXTargetDependency section */

/* Begin PBXVariantGroup section */
		1A198ACD1AF3563C009F9660 /* Main.storyboard */ = {
			isa = PBXVariantGroup;
			children = (
				1A198ACE1AF3563C009F9660 /* Base */,
			);
			name = Main.storyboard;
			sourceTree = "<group>";
		};
		1A198AD21AF3563C009F9660 /* LaunchScreen.xib */ = {
			isa = PBXVariantGroup;
			children = (
				1A198AD31AF3563C009F9660 /* Base */,
			);
			name = LaunchScreen.xib;
			sourceTree = "<group>";
		};
/* End PBXVariantGroup section */

/* Begin XCBuildConfiguration section */
		1A198AE11AF3563C009F9660 /* Debug */ = {
			isa = XCBuildConfiguration;
			buildSettings = {
				ALWAYS_SEARCH_USER_PATHS = NO;
				CLANG_CXX_LANGUAGE_STANDARD = "gnu++0x";
				CLANG_CXX_LIBRARY = "libc++";
				CLANG_ENABLE_MODULES = YES;
				CLANG_ENABLE_OBJC_ARC = YES;
				CLANG_WARN_BOOL_CONVERSION = YES;
				CLANG_WARN_CONSTANT_CONVERSION = YES;
				CLANG_WARN_DIRECT_OBJC_ISA_USAGE = YES_ERROR;
				CLANG_WARN_EMPTY_BODY = YES;
				CLANG_WARN_ENUM_CONVERSION = YES;
				CLANG_WARN_INT_CONVERSION = YES;
				CLANG_WARN_OBJC_ROOT_CLASS = YES_ERROR;
				CLANG_WARN_UNREACHABLE_CODE = YES;
				CLANG_WARN__DUPLICATE_METHOD_MATCH = YES;
				"CODE_SIGN_IDENTITY[sdk=iphoneos*]" = "iPhone Developer";
				COPY_PHASE_STRIP = NO;
				DEBUG_INFORMATION_FORMAT = "dwarf-with-dsym";
				ENABLE_STRICT_OBJC_MSGSEND = YES;
				GCC_C_LANGUAGE_STANDARD = gnu99;
				GCC_DYNAMIC_NO_PIC = NO;
				GCC_NO_COMMON_BLOCKS = YES;
				GCC_OPTIMIZATION_LEVEL = 0;
				GCC_PREPROCESSOR_DEFINITIONS = (
					"DEBUG=1",
					"$(inherited)",
				);
				GCC_SYMBOLS_PRIVATE_EXTERN = NO;
				GCC_WARN_64_TO_32_BIT_CONVERSION = YES;
				GCC_WARN_ABOUT_RETURN_TYPE = YES_ERROR;
				GCC_WARN_UNDECLARED_SELECTOR = YES;
				GCC_WARN_UNINITIALIZED_AUTOS = YES_AGGRESSIVE;
				GCC_WARN_UNUSED_FUNCTION = YES;
				GCC_WARN_UNUSED_VARIABLE = YES;
				IPHONEOS_DEPLOYMENT_TARGET = 8.3;
				MTL_ENABLE_DEBUG_INFO = YES;
				ONLY_ACTIVE_ARCH = YES;
				SDKROOT = iphoneos;
				SWIFT_OPTIMIZATION_LEVEL = "-Onone";
				TARGETED_DEVICE_FAMILY = "1,2";
			};
			name = Debug;
		};
		1A198AE21AF3563C009F9660 /* Release */ = {
			isa = XCBuildConfiguration;
			buildSettings = {
				ALWAYS_SEARCH_USER_PATHS = NO;
				CLANG_CXX_LANGUAGE_STANDARD = "gnu++0x";
				CLANG_CXX_LIBRARY = "libc++";
				CLANG_ENABLE_MODULES = YES;
				CLANG_ENABLE_OBJC_ARC = YES;
				CLANG_WARN_BOOL_CONVERSION = YES;
				CLANG_WARN_CONSTANT_CONVERSION = YES;
				CLANG_WARN_DIRECT_OBJC_ISA_USAGE = YES_ERROR;
				CLANG_WARN_EMPTY_BODY = YES;
				CLANG_WARN_ENUM_CONVERSION = YES;
				CLANG_WARN_INT_CONVERSION = YES;
				CLANG_WARN_OBJC_ROOT_CLASS = YES_ERROR;
				CLANG_WARN_UNREACHABLE_CODE = YES;
				CLANG_WARN__DUPLICATE_METHOD_MATCH = YES;
				"CODE_SIGN_IDENTITY[sdk=iphoneos*]" = "iPhone Developer";
				COPY_PHASE_STRIP = NO;
				DEBUG_INFORMATION_FORMAT = "dwarf-with-dsym";
				ENABLE_NS_ASSERTIONS = NO;
				ENABLE_STRICT_OBJC_MSGSEND = YES;
				GCC_C_LANGUAGE_STANDARD = gnu99;
				GCC_NO_COMMON_BLOCKS = YES;
				GCC_WARN_64_TO_32_BIT_CONVERSION = YES;
				GCC_WARN_ABOUT_RETURN_TYPE = YES_ERROR;
				GCC_WARN_UNDECLARED_SELECTOR = YES;
				GCC_WARN_UNINITIALIZED_AUTOS = YES_AGGRESSIVE;
				GCC_WARN_UNUSED_FUNCTION = YES;
				GCC_WARN_UNUSED_VARIABLE = YES;
				IPHONEOS_DEPLOYMENT_TARGET = 8.3;
				MTL_ENABLE_DEBUG_INFO = NO;
				SDKROOT = iphoneos;
				TARGETED_DEVICE_FAMILY = "1,2";
				VALIDATE_PRODUCT = YES;
			};
			name = Release;
		};
		1A198AE41AF3563C009F9660 /* Debug */ = {
			isa = XCBuildConfiguration;
			buildSettings = {
				ASSETCATALOG_COMPILER_APPICON_NAME = AppIcon;
				INFOPLIST_FILE = Stargazer/Info.plist;
				LD_RUNPATH_SEARCH_PATHS = "$(inherited) @executable_path/Frameworks";
				PRODUCT_NAME = "$(TARGET_NAME)";
			};
			name = Debug;
		};
		1A198AE51AF3563C009F9660 /* Release */ = {
			isa = XCBuildConfiguration;
			buildSettings = {
				ASSETCATALOG_COMPILER_APPICON_NAME = AppIcon;
				INFOPLIST_FILE = Stargazer/Info.plist;
				LD_RUNPATH_SEARCH_PATHS = "$(inherited) @executable_path/Frameworks";
				PRODUCT_NAME = "$(TARGET_NAME)";
			};
			name = Release;
		};
		1A198AE71AF3563C009F9660 /* Debug */ = {
			isa = XCBuildConfiguration;
			buildSettings = {
				BUNDLE_LOADER = "$(TEST_HOST)";
				FRAMEWORK_SEARCH_PATHS = (
					"$(SDKROOT)/Developer/Library/Frameworks",
					"$(inherited)",
				);
				GCC_PREPROCESSOR_DEFINITIONS = (
					"DEBUG=1",
					"$(inherited)",
				);
				INFOPLIST_FILE = StargazerTests/Info.plist;
				LD_RUNPATH_SEARCH_PATHS = "$(inherited) @executable_path/Frameworks @loader_path/Frameworks";
				PRODUCT_NAME = "$(TARGET_NAME)";
				TEST_HOST = "$(BUILT_PRODUCTS_DIR)/Stargazer.app/Stargazer";
			};
			name = Debug;
		};
		1A198AE81AF3563C009F9660 /* Release */ = {
			isa = XCBuildConfiguration;
			buildSettings = {
				BUNDLE_LOADER = "$(TEST_HOST)";
				FRAMEWORK_SEARCH_PATHS = (
					"$(SDKROOT)/Developer/Library/Frameworks",
					"$(inherited)",
				);
				INFOPLIST_FILE = StargazerTests/Info.plist;
				LD_RUNPATH_SEARCH_PATHS = "$(inherited) @executable_path/Frameworks @loader_path/Frameworks";
				PRODUCT_NAME = "$(TARGET_NAME)";
				TEST_HOST = "$(BUILT_PRODUCTS_DIR)/Stargazer.app/Stargazer";
			};
			name = Release;
		};
/* End XCBuildConfiguration section */

/* Begin XCConfigurationList section */
		1A198ABD1AF3563C009F9660 /* Build configuration list for PBXProject "Stargazer" */ = {
			isa = XCConfigurationList;
			buildConfigurations = (
				1A198AE11AF3563C009F9660 /* Debug */,
				1A198AE21AF3563C009F9660 /* Release */,
			);
			defaultConfigurationIsVisible = 0;
			defaultConfigurationName = Release;
		};
		1A198AE31AF3563C009F9660 /* Build configuration list for PBXNativeTarget "Stargazer" */ = {
			isa = XCConfigurationList;
			buildConfigurations = (
				1A198AE41AF3563C009F9660 /* Debug */,
				1A198AE51AF3563C009F9660 /* Release */,
			);
			defaultConfigurationIsVisible = 0;
			defaultConfigurationName = Release;
		};
		1A198AE61AF3563C009F9660 /* Build configuration list for PBXNativeTarget "StargazerTests" */ = {
			isa = XCConfigurationList;
			buildConfigurations = (
				1A198AE71AF3563C009F9660 /* Debug */,
				1A198AE81AF3563C009F9660 /* Release */,
			);
			defaultConfigurationIsVisible = 0;
			defaultConfigurationName = Release;
		};
/* End XCConfigurationList section */
	};
	rootObject = 1A198ABA1AF3563C009F9660 /* Project object */;
}
