PODS:
  - Alamofire (1.2.2)
  - CLTokenInputView (1.1.0)
  - KeychainAccess (1.2.1)
  - SVProgressHUD (1.1.3)
  - SwiftyJSON (2.2.0)
  - TagListView (0.1.4)
  - ZLSwipeableViewSwift (0.0.2)

DEPENDENCIES:
  - Alamofire (from `https://github.com/Alamofire/Alamofire.git`, branch `swift-2.0`)
  - CLTokenInputView
  - KeychainAccess (from `https://github.com/kishikawakatsumi/KeychainAccess.git`,
    branch `swift-2.0`)
  - SVProgressHUD
  - SwiftyJSON (from `https://github.com/andrelind/SwiftyJSON.git`)
  - TagListView
  - ZLSwipeableViewSwift (from `https://github.com/zhxnlai/ZLSwipeableViewSwift.git`,
    branch `swift-2`)

EXTERNAL SOURCES:
  Alamofire:
    :branch: swift-2.0
    :git: https://github.com/Alamofire/Alamofire.git
  KeychainAccess:
    :branch: swift-2.0
    :git: https://github.com/kishikawakatsumi/KeychainAccess.git
  SwiftyJSON:
    :git: https://github.com/andrelind/SwiftyJSON.git
  ZLSwipeableViewSwift:
    :branch: swift-2
    :git: https://github.com/zhxnlai/ZLSwipeableViewSwift.git

CHECKOUT OPTIONS:
  Alamofire:
    :commit: e1045f0e7713938320dbb5fef05166f7d6ef829a
    :git: https://github.com/Alamofire/Alamofire.git
  KeychainAccess:
    :commit: 2f7cab8547e53d1d599464842c70dbb928272039
    :git: https://github.com/kishikawakatsumi/KeychainAccess.git
  SwiftyJSON:
    :commit: 448a32ce5b4ef524ec1c812f5a84004c1a91a587
    :git: https://github.com/andrelind/SwiftyJSON.git
  ZLSwipeableViewSwift:
    :commit: e598eb2f53ae706e881fb07a107281ea336e37d0
    :git: https://github.com/zhxnlai/ZLSwipeableViewSwift.git

SPEC CHECKSUMS:
  Alamofire: 11a6022f5089887d92ffb5a3014c97a0a915ab98
  CLTokenInputView: 36a7519de77b3de1c7af24d9e105054d1fac8ee7
  KeychainAccess: 3d7922baf90762a976adb7f6030d74c1a4110a1d
  SVProgressHUD: 748080e4f36e603f6c02aec292664239df5279c1
  SwiftyJSON: 0b3e6c07af17ff745e77e8e9984097b55c956e5c
  TagListView: 86fcd7616973096aeaaf71bf774eecacf483c1fb
  ZLSwipeableViewSwift: 28b161ea3445ee380b684dd828a4d4bebc2a1f95

COCOAPODS: 0.37.2
